# This file is @generated by PDM.
# It is not intended for manual editing.

[metadata]
groups = ["default", "docs", "lint", "test"]
strategy = ["cross_platform"]
lock_version = "4.4"
content_hash = "sha256:bbd1656206fe67c239942168382727929be3c3929c962fae20d510153a41fb2e"

[[package]]
name = "anyio"
version = "4.0.0"
requires_python = ">=3.8"
summary = "High level compatibility layer for multiple asynchronous event loop implementations"
dependencies = [
    "idna>=2.8",
    "sniffio>=1.1",
]
files = [
    {file = "anyio-4.0.0-py3-none-any.whl", hash = "sha256:cfdb2b588b9fc25ede96d8db56ed50848b0b649dca3dd1df0b11f683bb9e0b5f"},
    {file = "anyio-4.0.0.tar.gz", hash = "sha256:f7ed51751b2c2add651e5747c891b47e26d2a21be5d32d9311dfe9692f3e5d7a"},
]

[[package]]
name = "black"
version = "23.10.1"
requires_python = ">=3.8"
summary = "The uncompromising code formatter."
dependencies = [
    "click>=8.0.0",
    "mypy-extensions>=0.4.3",
    "packaging>=22.0",
    "pathspec>=0.9.0",
    "platformdirs>=2",
]
files = [
    {file = "black-23.10.1-cp311-cp311-macosx_10_16_arm64.whl", hash = "sha256:b15b75fc53a2fbcac8a87d3e20f69874d161beef13954747e053bca7a1ce53a0"},
    {file = "black-23.10.1-cp311-cp311-macosx_10_16_x86_64.whl", hash = "sha256:e293e4c2f4a992b980032bbd62df07c1bcff82d6964d6c9496f2cd726e246ace"},
    {file = "black-23.10.1-cp311-cp311-manylinux_2_17_x86_64.manylinux2014_x86_64.whl", hash = "sha256:7d56124b7a61d092cb52cce34182a5280e160e6aff3137172a68c2c2c4b76bcb"},
    {file = "black-23.10.1-cp311-cp311-win_amd64.whl", hash = "sha256:3f157a8945a7b2d424da3335f7ace89c14a3b0625e6593d21139c2d8214d55ce"},
    {file = "black-23.10.1-py3-none-any.whl", hash = "sha256:d431e6739f727bb2e0495df64a6c7a5310758e87505f5f8cde9ff6c0f2d7e4fe"},
    {file = "black-23.10.1.tar.gz", hash = "sha256:1f8ce316753428ff68749c65a5f7844631aa18c8679dfd3ca9dc1a289979c258"},
]

[[package]]
name = "blacken-docs"
version = "1.16.0"
requires_python = ">=3.8"
summary = "Run Black on Python code blocks in documentation files."
dependencies = [
    "black>=22.1.0",
]
files = [
    {file = "blacken_docs-1.16.0-py3-none-any.whl", hash = "sha256:b0dcb84b28ebfb352a2539202d396f50e15a54211e204a8005798f1d1edb7df8"},
    {file = "blacken_docs-1.16.0.tar.gz", hash = "sha256:b4bdc3f3d73898dfbf0166f292c6ccfe343e65fc22ddef5319c95d1a8dcc6c1c"},
]

[[package]]
name = "certifi"
version = "2023.7.22"
requires_python = ">=3.6"
summary = "Python package for providing Mozilla's CA Bundle."
files = [
    {file = "certifi-2023.7.22-py3-none-any.whl", hash = "sha256:92d6037539857d8206b8f6ae472e8b77db8058fec5937a1ef3f54304089edbb9"},
    {file = "certifi-2023.7.22.tar.gz", hash = "sha256:539cc1d13202e33ca466e88b2807e29f4c13049d6d87031a3c110744495cb082"},
]

[[package]]
name = "cfgv"
version = "3.4.0"
requires_python = ">=3.8"
summary = "Validate configuration and produce human readable error messages."
files = [
    {file = "cfgv-3.4.0-py2.py3-none-any.whl", hash = "sha256:b7265b1f29fd3316bfcd2b330d63d024f2bfd8bcb8b0272f8e19a504856c48f9"},
    {file = "cfgv-3.4.0.tar.gz", hash = "sha256:e52591d4c5f5dead8e0f673fb16db7949d2cfb3f7da4582893288f0ded8fe560"},
]

[[package]]
name = "click"
version = "8.1.7"
requires_python = ">=3.7"
summary = "Composable command line interface toolkit"
dependencies = [
    "colorama; platform_system == \"Windows\"",
]
files = [
    {file = "click-8.1.7-py3-none-any.whl", hash = "sha256:ae74fb96c20a0277a1d615f1e4d73c8414f5a98db8b799a7931d1582f3390c28"},
    {file = "click-8.1.7.tar.gz", hash = "sha256:ca9853ad459e787e2192211578cc907e7594e294c7ccc834310722b41b9ca6de"},
]

[[package]]
name = "codespell"
version = "2.2.6"
requires_python = ">=3.8"
summary = "Codespell"
files = [
    {file = "codespell-2.2.6-py3-none-any.whl", hash = "sha256:9ee9a3e5df0990604013ac2a9f22fa8e57669c827124a2e961fe8a1da4cacc07"},
    {file = "codespell-2.2.6.tar.gz", hash = "sha256:a8c65d8eb3faa03deabab6b3bbe798bea72e1799c7e9e955d57eca4096abcff9"},
]

[[package]]
name = "colorama"
version = "0.4.6"
requires_python = "!=3.0.*,!=3.1.*,!=3.2.*,!=3.3.*,!=3.4.*,!=3.5.*,!=3.6.*,>=2.7"
summary = "Cross-platform colored terminal text."
files = [
    {file = "colorama-0.4.6-py2.py3-none-any.whl", hash = "sha256:4f1d9991f5acc0ca119f9d443620b77f9d6b33703e51011c16baf57afb285fc6"},
    {file = "colorama-0.4.6.tar.gz", hash = "sha256:08695f5cb7ed6e0531a20572697297273c47b8cae5a63ffc6d6ed5c201be6e44"},
]

[[package]]
name = "coverage"
version = "7.3.2"
requires_python = ">=3.8"
summary = "Code coverage measurement for Python"
files = [
    {file = "coverage-7.3.2-cp311-cp311-macosx_10_9_x86_64.whl", hash = "sha256:ac8c802fa29843a72d32ec56d0ca792ad15a302b28ca6203389afe21f8fa062c"},
    {file = "coverage-7.3.2-cp311-cp311-macosx_11_0_arm64.whl", hash = "sha256:89a937174104339e3a3ffcf9f446c00e3a806c28b1841c63edb2b369310fd074"},
    {file = "coverage-7.3.2-cp311-cp311-manylinux_2_17_aarch64.manylinux2014_aarch64.whl", hash = "sha256:e267e9e2b574a176ddb983399dec325a80dbe161f1a32715c780b5d14b5f583a"},
    {file = "coverage-7.3.2-cp311-cp311-manylinux_2_5_i686.manylinux1_i686.manylinux_2_17_i686.manylinux2014_i686.whl", hash = "sha256:2443cbda35df0d35dcfb9bf8f3c02c57c1d6111169e3c85fc1fcc05e0c9f39a3"},
    {file = "coverage-7.3.2-cp311-cp311-manylinux_2_5_x86_64.manylinux1_x86_64.manylinux_2_17_x86_64.manylinux2014_x86_64.whl", hash = "sha256:4175e10cc8dda0265653e8714b3174430b07c1dca8957f4966cbd6c2b1b8065a"},
    {file = "coverage-7.3.2-cp311-cp311-musllinux_1_1_aarch64.whl", hash = "sha256:0cbf38419fb1a347aaf63481c00f0bdc86889d9fbf3f25109cf96c26b403fda1"},
    {file = "coverage-7.3.2-cp311-cp311-musllinux_1_1_i686.whl", hash = "sha256:5c913b556a116b8d5f6ef834038ba983834d887d82187c8f73dec21049abd65c"},
    {file = "coverage-7.3.2-cp311-cp311-musllinux_1_1_x86_64.whl", hash = "sha256:1981f785239e4e39e6444c63a98da3a1db8e971cb9ceb50a945ba6296b43f312"},
    {file = "coverage-7.3.2-cp311-cp311-win32.whl", hash = "sha256:43668cabd5ca8258f5954f27a3aaf78757e6acf13c17604d89648ecc0cc66640"},
    {file = "coverage-7.3.2-cp311-cp311-win_amd64.whl", hash = "sha256:e10c39c0452bf6e694511c901426d6b5ac005acc0f78ff265dbe36bf81f808a2"},
    {file = "coverage-7.3.2-cp312-cp312-macosx_10_9_x86_64.whl", hash = "sha256:4cbae1051ab791debecc4a5dcc4a1ff45fc27b91b9aee165c8a27514dd160836"},
    {file = "coverage-7.3.2-cp312-cp312-macosx_11_0_arm64.whl", hash = "sha256:12d15ab5833a997716d76f2ac1e4b4d536814fc213c85ca72756c19e5a6b3d63"},
    {file = "coverage-7.3.2-cp312-cp312-manylinux_2_17_aarch64.manylinux2014_aarch64.whl", hash = "sha256:3c7bba973ebee5e56fe9251300c00f1579652587a9f4a5ed8404b15a0471f216"},
    {file = "coverage-7.3.2-cp312-cp312-manylinux_2_5_i686.manylinux1_i686.manylinux_2_17_i686.manylinux2014_i686.whl", hash = "sha256:fe494faa90ce6381770746077243231e0b83ff3f17069d748f645617cefe19d4"},
    {file = "coverage-7.3.2-cp312-cp312-manylinux_2_5_x86_64.manylinux1_x86_64.manylinux_2_17_x86_64.manylinux2014_x86_64.whl", hash = "sha256:f6e9589bd04d0461a417562649522575d8752904d35c12907d8c9dfeba588faf"},
    {file = "coverage-7.3.2-cp312-cp312-musllinux_1_1_aarch64.whl", hash = "sha256:d51ac2a26f71da1b57f2dc81d0e108b6ab177e7d30e774db90675467c847bbdf"},
    {file = "coverage-7.3.2-cp312-cp312-musllinux_1_1_i686.whl", hash = "sha256:99b89d9f76070237975b315b3d5f4d6956ae354a4c92ac2388a5695516e47c84"},
    {file = "coverage-7.3.2-cp312-cp312-musllinux_1_1_x86_64.whl", hash = "sha256:fa28e909776dc69efb6ed975a63691bc8172b64ff357e663a1bb06ff3c9b589a"},
    {file = "coverage-7.3.2-cp312-cp312-win32.whl", hash = "sha256:289fe43bf45a575e3ab10b26d7b6f2ddb9ee2dba447499f5401cfb5ecb8196bb"},
    {file = "coverage-7.3.2-cp312-cp312-win_amd64.whl", hash = "sha256:7dbc3ed60e8659bc59b6b304b43ff9c3ed858da2839c78b804973f613d3e92ed"},
    {file = "coverage-7.3.2-pp38.pp39.pp310-none-any.whl", hash = "sha256:ae97af89f0fbf373400970c0a21eef5aa941ffeed90aee43650b81f7d7f47637"},
    {file = "coverage-7.3.2.tar.gz", hash = "sha256:be32ad29341b0170e795ca590e1c07e81fc061cb5b10c74ce7203491484404ef"},
]

[[package]]
name = "coverage"
version = "7.3.2"
extras = ["toml"]
requires_python = ">=3.8"
summary = "Code coverage measurement for Python"
dependencies = [
    "coverage==7.3.2",
]
files = [
    {file = "coverage-7.3.2-cp311-cp311-macosx_10_9_x86_64.whl", hash = "sha256:ac8c802fa29843a72d32ec56d0ca792ad15a302b28ca6203389afe21f8fa062c"},
    {file = "coverage-7.3.2-cp311-cp311-macosx_11_0_arm64.whl", hash = "sha256:89a937174104339e3a3ffcf9f446c00e3a806c28b1841c63edb2b369310fd074"},
    {file = "coverage-7.3.2-cp311-cp311-manylinux_2_17_aarch64.manylinux2014_aarch64.whl", hash = "sha256:e267e9e2b574a176ddb983399dec325a80dbe161f1a32715c780b5d14b5f583a"},
    {file = "coverage-7.3.2-cp311-cp311-manylinux_2_5_i686.manylinux1_i686.manylinux_2_17_i686.manylinux2014_i686.whl", hash = "sha256:2443cbda35df0d35dcfb9bf8f3c02c57c1d6111169e3c85fc1fcc05e0c9f39a3"},
    {file = "coverage-7.3.2-cp311-cp311-manylinux_2_5_x86_64.manylinux1_x86_64.manylinux_2_17_x86_64.manylinux2014_x86_64.whl", hash = "sha256:4175e10cc8dda0265653e8714b3174430b07c1dca8957f4966cbd6c2b1b8065a"},
    {file = "coverage-7.3.2-cp311-cp311-musllinux_1_1_aarch64.whl", hash = "sha256:0cbf38419fb1a347aaf63481c00f0bdc86889d9fbf3f25109cf96c26b403fda1"},
    {file = "coverage-7.3.2-cp311-cp311-musllinux_1_1_i686.whl", hash = "sha256:5c913b556a116b8d5f6ef834038ba983834d887d82187c8f73dec21049abd65c"},
    {file = "coverage-7.3.2-cp311-cp311-musllinux_1_1_x86_64.whl", hash = "sha256:1981f785239e4e39e6444c63a98da3a1db8e971cb9ceb50a945ba6296b43f312"},
    {file = "coverage-7.3.2-cp311-cp311-win32.whl", hash = "sha256:43668cabd5ca8258f5954f27a3aaf78757e6acf13c17604d89648ecc0cc66640"},
    {file = "coverage-7.3.2-cp311-cp311-win_amd64.whl", hash = "sha256:e10c39c0452bf6e694511c901426d6b5ac005acc0f78ff265dbe36bf81f808a2"},
    {file = "coverage-7.3.2-cp312-cp312-macosx_10_9_x86_64.whl", hash = "sha256:4cbae1051ab791debecc4a5dcc4a1ff45fc27b91b9aee165c8a27514dd160836"},
    {file = "coverage-7.3.2-cp312-cp312-macosx_11_0_arm64.whl", hash = "sha256:12d15ab5833a997716d76f2ac1e4b4d536814fc213c85ca72756c19e5a6b3d63"},
    {file = "coverage-7.3.2-cp312-cp312-manylinux_2_17_aarch64.manylinux2014_aarch64.whl", hash = "sha256:3c7bba973ebee5e56fe9251300c00f1579652587a9f4a5ed8404b15a0471f216"},
    {file = "coverage-7.3.2-cp312-cp312-manylinux_2_5_i686.manylinux1_i686.manylinux_2_17_i686.manylinux2014_i686.whl", hash = "sha256:fe494faa90ce6381770746077243231e0b83ff3f17069d748f645617cefe19d4"},
    {file = "coverage-7.3.2-cp312-cp312-manylinux_2_5_x86_64.manylinux1_x86_64.manylinux_2_17_x86_64.manylinux2014_x86_64.whl", hash = "sha256:f6e9589bd04d0461a417562649522575d8752904d35c12907d8c9dfeba588faf"},
    {file = "coverage-7.3.2-cp312-cp312-musllinux_1_1_aarch64.whl", hash = "sha256:d51ac2a26f71da1b57f2dc81d0e108b6ab177e7d30e774db90675467c847bbdf"},
    {file = "coverage-7.3.2-cp312-cp312-musllinux_1_1_i686.whl", hash = "sha256:99b89d9f76070237975b315b3d5f4d6956ae354a4c92ac2388a5695516e47c84"},
    {file = "coverage-7.3.2-cp312-cp312-musllinux_1_1_x86_64.whl", hash = "sha256:fa28e909776dc69efb6ed975a63691bc8172b64ff357e663a1bb06ff3c9b589a"},
    {file = "coverage-7.3.2-cp312-cp312-win32.whl", hash = "sha256:289fe43bf45a575e3ab10b26d7b6f2ddb9ee2dba447499f5401cfb5ecb8196bb"},
    {file = "coverage-7.3.2-cp312-cp312-win_amd64.whl", hash = "sha256:7dbc3ed60e8659bc59b6b304b43ff9c3ed858da2839c78b804973f613d3e92ed"},
    {file = "coverage-7.3.2-pp38.pp39.pp310-none-any.whl", hash = "sha256:ae97af89f0fbf373400970c0a21eef5aa941ffeed90aee43650b81f7d7f47637"},
    {file = "coverage-7.3.2.tar.gz", hash = "sha256:be32ad29341b0170e795ca590e1c07e81fc061cb5b10c74ce7203491484404ef"},
]

[[package]]
name = "distlib"
version = "0.3.7"
summary = "Distribution utilities"
files = [
    {file = "distlib-0.3.7-py2.py3-none-any.whl", hash = "sha256:2e24928bc811348f0feb63014e97aaae3037f2cf48712d51ae61df7fd6075057"},
    {file = "distlib-0.3.7.tar.gz", hash = "sha256:9dafe54b34a028eafd95039d5e5d4851a13734540f1331060d31c9916e7147a8"},
]

[[package]]
name = "filelock"
version = "3.13.0"
requires_python = ">=3.8"
summary = "A platform independent file lock."
files = [
    {file = "filelock-3.13.0-py3-none-any.whl", hash = "sha256:a552f4fde758f4eab33191e9548f671970f8b06d436d31388c9aa1e5861a710f"},
    {file = "filelock-3.13.0.tar.gz", hash = "sha256:63c6052c82a1a24c873a549fbd39a26982e8f35a3016da231ead11a5be9dad44"},
]

[[package]]
name = "h11"
version = "0.14.0"
requires_python = ">=3.7"
summary = "A pure-Python, bring-your-own-I/O implementation of HTTP/1.1"
files = [
    {file = "h11-0.14.0-py3-none-any.whl", hash = "sha256:e3fe4ac4b851c468cc8363d500db52c2ead036020723024a109d37346efaa761"},
    {file = "h11-0.14.0.tar.gz", hash = "sha256:8f19fbbe99e72420ff35c00b27a34cb9937e902a8b810e2c88300c6f0a3b699d"},
]

[[package]]
name = "httpcore"
version = "0.18.0"
requires_python = ">=3.8"
summary = "A minimal low-level HTTP client."
dependencies = [
    "anyio<5.0,>=3.0",
    "certifi",
    "h11<0.15,>=0.13",
    "sniffio==1.*",
]
files = [
    {file = "httpcore-0.18.0-py3-none-any.whl", hash = "sha256:adc5398ee0a476567bf87467063ee63584a8bce86078bf748e48754f60202ced"},
    {file = "httpcore-0.18.0.tar.gz", hash = "sha256:13b5e5cd1dca1a6636a6aaea212b19f4f85cd88c366a2b82304181b769aab3c9"},
]

[[package]]
name = "httpx"
version = "0.25.0"
requires_python = ">=3.8"
summary = "The next generation HTTP client."
dependencies = [
    "certifi",
    "httpcore<0.19.0,>=0.18.0",
    "idna",
    "sniffio",
]
files = [
    {file = "httpx-0.25.0-py3-none-any.whl", hash = "sha256:181ea7f8ba3a82578be86ef4171554dd45fec26a02556a744db029a0a27b7100"},
    {file = "httpx-0.25.0.tar.gz", hash = "sha256:47ecda285389cb32bb2691cc6e069e3ab0205956f681c5b2ad2325719751d875"},
]

[[package]]
name = "identify"
version = "2.5.31"
requires_python = ">=3.8"
summary = "File identification library for Python"
files = [
    {file = "identify-2.5.31-py2.py3-none-any.whl", hash = "sha256:90199cb9e7bd3c5407a9b7e81b4abec4bb9d249991c79439ec8af740afc6293d"},
    {file = "identify-2.5.31.tar.gz", hash = "sha256:7736b3c7a28233637e3c36550646fc6389bedd74ae84cb788200cc8e2dd60b75"},
]

[[package]]
name = "idna"
version = "3.4"
requires_python = ">=3.5"
summary = "Internationalized Domain Names in Applications (IDNA)"
files = [
    {file = "idna-3.4-py3-none-any.whl", hash = "sha256:90b77e79eaa3eba6de819a0c442c0b4ceefc341a7a2ab77d7562bf49f425c5c2"},
    {file = "idna-3.4.tar.gz", hash = "sha256:814f528e8dead7d329833b91c5faa87d60bf71824cd12a7530b5526063d02cb4"},
]

[[package]]
name = "iniconfig"
version = "2.0.0"
requires_python = ">=3.7"
summary = "brain-dead simple config-ini parsing"
files = [
    {file = "iniconfig-2.0.0-py3-none-any.whl", hash = "sha256:b6a85871a79d2e3b22d2d1b94ac2824226a63c6b741c88f7ae975f18b6778374"},
    {file = "iniconfig-2.0.0.tar.gz", hash = "sha256:2d91e135bf72d31a410b17c16da610a82cb55f6b0477d1a902134b24a455b8b3"},
]

[[package]]
name = "mypy"
version = "1.6.1"
requires_python = ">=3.8"
summary = "Optional static typing for Python"
dependencies = [
    "mypy-extensions>=1.0.0",
    "typing-extensions>=4.1.0",
]
files = [
    {file = "mypy-1.6.1-cp311-cp311-macosx_10_9_x86_64.whl", hash = "sha256:81af8adaa5e3099469e7623436881eff6b3b06db5ef75e6f5b6d4871263547e5"},
    {file = "mypy-1.6.1-cp311-cp311-macosx_11_0_arm64.whl", hash = "sha256:8c223fa57cb154c7eab5156856c231c3f5eace1e0bed9b32a24696b7ba3c3245"},
    {file = "mypy-1.6.1-cp311-cp311-manylinux_2_17_x86_64.manylinux2014_x86_64.whl", hash = "sha256:a8032e00ce71c3ceb93eeba63963b864bf635a18f6c0c12da6c13c450eedb183"},
    {file = "mypy-1.6.1-cp311-cp311-musllinux_1_1_x86_64.whl", hash = "sha256:4c46b51de523817a0045b150ed11b56f9fff55f12b9edd0f3ed35b15a2809de0"},
    {file = "mypy-1.6.1-cp311-cp311-win_amd64.whl", hash = "sha256:19f905bcfd9e167159b3d63ecd8cb5e696151c3e59a1742e79bc3bcb540c42c7"},
    {file = "mypy-1.6.1-cp312-cp312-macosx_10_9_x86_64.whl", hash = "sha256:82e469518d3e9a321912955cc702d418773a2fd1e91c651280a1bda10622f02f"},
    {file = "mypy-1.6.1-cp312-cp312-macosx_11_0_arm64.whl", hash = "sha256:d4473c22cc296425bbbce7e9429588e76e05bc7342da359d6520b6427bf76660"},
    {file = "mypy-1.6.1-cp312-cp312-manylinux_2_17_x86_64.manylinux2014_x86_64.whl", hash = "sha256:59a0d7d24dfb26729e0a068639a6ce3500e31d6655df8557156c51c1cb874ce7"},
    {file = "mypy-1.6.1-cp312-cp312-musllinux_1_1_x86_64.whl", hash = "sha256:cfd13d47b29ed3bbaafaff7d8b21e90d827631afda134836962011acb5904b71"},
    {file = "mypy-1.6.1-cp312-cp312-win_amd64.whl", hash = "sha256:eb4f18589d196a4cbe5290b435d135dee96567e07c2b2d43b5c4621b6501531a"},
    {file = "mypy-1.6.1-py3-none-any.whl", hash = "sha256:4cbe68ef919c28ea561165206a2dcb68591c50f3bcf777932323bc208d949cf1"},
    {file = "mypy-1.6.1.tar.gz", hash = "sha256:4d01c00d09a0be62a4ca3f933e315455bde83f37f892ba4b08ce92f3cf44bcc1"},
]

[[package]]
name = "mypy-extensions"
version = "1.0.0"
requires_python = ">=3.5"
summary = "Type system extensions for programs checked with the mypy type checker."
files = [
    {file = "mypy_extensions-1.0.0-py3-none-any.whl", hash = "sha256:4392f6c0eb8a5668a69e23d168ffa70f0be9ccfd32b5cc2d26a34ae5b844552d"},
    {file = "mypy_extensions-1.0.0.tar.gz", hash = "sha256:75dbf8955dc00442a438fc4d0666508a9a97b6bd41aa2f0ffe9d2f2725af0782"},
]

[[package]]
name = "nodeenv"
version = "1.8.0"
requires_python = ">=2.7,!=3.0.*,!=3.1.*,!=3.2.*,!=3.3.*,!=3.4.*,!=3.5.*,!=3.6.*"
summary = "Node.js virtual environment builder"
dependencies = [
    "setuptools",
]
files = [
    {file = "nodeenv-1.8.0-py2.py3-none-any.whl", hash = "sha256:df865724bb3c3adc86b3876fa209771517b0cfe596beff01a92700e0e8be4cec"},
    {file = "nodeenv-1.8.0.tar.gz", hash = "sha256:d51e0c37e64fbf47d017feac3145cdbb58836d7eee8c6f6d3b6880c5456227d2"},
]

[[package]]
name = "packaging"
version = "23.2"
requires_python = ">=3.7"
summary = "Core utilities for Python packages"
files = [
    {file = "packaging-23.2-py3-none-any.whl", hash = "sha256:8c491190033a9af7e1d931d0b5dacc2ef47509b34dd0de67ed209b5203fc88c7"},
    {file = "packaging-23.2.tar.gz", hash = "sha256:048fb0e9405036518eaaf48a55953c750c11e1a1b68e0dd1a9d62ed0c092cfc5"},
]

[[package]]
name = "pathspec"
version = "0.11.2"
requires_python = ">=3.7"
summary = "Utility library for gitignore style pattern matching of file paths."
files = [
    {file = "pathspec-0.11.2-py3-none-any.whl", hash = "sha256:1d6ed233af05e679efb96b1851550ea95bbb64b7c490b0f5aa52996c11e92a20"},
    {file = "pathspec-0.11.2.tar.gz", hash = "sha256:e0d8d0ac2f12da61956eb2306b69f9469b42f4deb0f3cb6ed47b9cce9996ced3"},
]

[[package]]
name = "platformdirs"
version = "3.11.0"
requires_python = ">=3.7"
summary = "A small Python package for determining appropriate platform-specific dirs, e.g. a \"user data dir\"."
files = [
    {file = "platformdirs-3.11.0-py3-none-any.whl", hash = "sha256:e9d171d00af68be50e9202731309c4e658fd8bc76f55c11c7dd760d023bda68e"},
    {file = "platformdirs-3.11.0.tar.gz", hash = "sha256:cf8ee52a3afdb965072dcc652433e0c7e3e40cf5ea1477cd4b3b1d2eb75495b3"},
]

[[package]]
name = "pluggy"
version = "1.3.0"
requires_python = ">=3.8"
summary = "plugin and hook calling mechanisms for python"
files = [
    {file = "pluggy-1.3.0-py3-none-any.whl", hash = "sha256:d89c696a773f8bd377d18e5ecda92b7a3793cbe66c87060a6fb58c7b6e1061f7"},
    {file = "pluggy-1.3.0.tar.gz", hash = "sha256:cf61ae8f126ac6f7c451172cf30e3e43d3ca77615509771b3a984a0730651e12"},
]

[[package]]
name = "pre-commit"
version = "3.5.0"
requires_python = ">=3.8"
summary = "A framework for managing and maintaining multi-language pre-commit hooks."
dependencies = [
    "cfgv>=2.0.0",
    "identify>=1.0.0",
    "nodeenv>=0.11.1",
    "pyyaml>=5.1",
    "virtualenv>=20.10.0",
]
files = [
    {file = "pre_commit-3.5.0-py2.py3-none-any.whl", hash = "sha256:841dc9aef25daba9a0238cd27984041fa0467b4199fc4852e27950664919f660"},
    {file = "pre_commit-3.5.0.tar.gz", hash = "sha256:5804465c675b659b0862f07907f96295d490822a450c4c40e747d0b1c6ebcb32"},
]

[[package]]
name = "pyright"
version = "1.1.333"
requires_python = ">=3.7"
summary = "Command line wrapper for pyright"
dependencies = [
    "nodeenv>=1.6.0",
]
files = [
    {file = "pyright-1.1.333-py3-none-any.whl", hash = "sha256:f0a7b7b0cac11c396b17ef3cf6c8527aca1269edaf5cf8203eed7d6dd1ef52aa"},
    {file = "pyright-1.1.333.tar.gz", hash = "sha256:1c49b0029048120c4378f3baf6c1dcbbfb221678bb69654fe773c514430ac53c"},
]

[[package]]
name = "pytest"
version = "7.4.3"
requires_python = ">=3.7"
summary = "pytest: simple powerful testing with Python"
dependencies = [
    "colorama; sys_platform == \"win32\"",
    "iniconfig",
    "packaging",
    "pluggy<2.0,>=0.12",
]
files = [
    {file = "pytest-7.4.3-py3-none-any.whl", hash = "sha256:0d009c083ea859a71b76adf7c1d502e4bc170b80a8ef002da5806527b9591fac"},
    {file = "pytest-7.4.3.tar.gz", hash = "sha256:d989d136982de4e3b29dabcc838ad581c64e8ed52c11fbe86ddebd9da0818cd5"},
]

[[package]]
name = "pytest-asyncio"
version = "0.21.1"
requires_python = ">=3.7"
summary = "Pytest support for asyncio"
dependencies = [
    "pytest>=7.0.0",
]
files = [
    {file = "pytest-asyncio-0.21.1.tar.gz", hash = "sha256:40a7eae6dded22c7b604986855ea48400ab15b069ae38116e8c01238e9eeb64d"},
    {file = "pytest_asyncio-0.21.1-py3-none-any.whl", hash = "sha256:8666c1c8ac02631d7c51ba282e0c69a8a452b211ffedf2599099845da5c5c37b"},
]

[[package]]
name = "pytest-cov"
version = "4.1.0"
requires_python = ">=3.7"
summary = "Pytest plugin for measuring coverage."
dependencies = [
    "coverage[toml]>=5.2.1",
    "pytest>=4.6",
]
files = [
    {file = "pytest-cov-4.1.0.tar.gz", hash = "sha256:3904b13dfbfec47f003b8e77fd5b589cd11904a21ddf1ab38a64f204d6a10ef6"},
    {file = "pytest_cov-4.1.0-py3-none-any.whl", hash = "sha256:6ba70b9e97e69fcc3fb45bfeab2d0a138fb65c4d0d6a41ef33983ad114be8c3a"},
]

[[package]]
name = "pyyaml"
version = "6.0.1"
requires_python = ">=3.6"
summary = "YAML parser and emitter for Python"
files = [
    {file = "PyYAML-6.0.1-cp311-cp311-macosx_10_9_x86_64.whl", hash = "sha256:6965a7bc3cf88e5a1c3bd2e0b5c22f8d677dc88a455344035f03399034eb3007"},
    {file = "PyYAML-6.0.1-cp311-cp311-macosx_11_0_arm64.whl", hash = "sha256:f003ed9ad21d6a4713f0a9b5a7a0a79e08dd0f221aff4525a2be4c346ee60aab"},
    {file = "PyYAML-6.0.1-cp311-cp311-manylinux_2_17_aarch64.manylinux2014_aarch64.whl", hash = "sha256:42f8152b8dbc4fe7d96729ec2b99c7097d656dc1213a3229ca5383f973a5ed6d"},
    {file = "PyYAML-6.0.1-cp311-cp311-manylinux_2_17_s390x.manylinux2014_s390x.whl", hash = "sha256:062582fca9fabdd2c8b54a3ef1c978d786e0f6b3a1510e0ac93ef59e0ddae2bc"},
    {file = "PyYAML-6.0.1-cp311-cp311-manylinux_2_17_x86_64.manylinux2014_x86_64.whl", hash = "sha256:d2b04aac4d386b172d5b9692e2d2da8de7bfb6c387fa4f801fbf6fb2e6ba4673"},
    {file = "PyYAML-6.0.1-cp311-cp311-musllinux_1_1_x86_64.whl", hash = "sha256:e7d73685e87afe9f3b36c799222440d6cf362062f78be1013661b00c5c6f678b"},
    {file = "PyYAML-6.0.1-cp311-cp311-win32.whl", hash = "sha256:1635fd110e8d85d55237ab316b5b011de701ea0f29d07611174a1b42f1444741"},
    {file = "PyYAML-6.0.1-cp311-cp311-win_amd64.whl", hash = "sha256:bf07ee2fef7014951eeb99f56f39c9bb4af143d8aa3c21b1677805985307da34"},
    {file = "PyYAML-6.0.1-cp312-cp312-macosx_10_9_x86_64.whl", hash = "sha256:855fb52b0dc35af121542a76b9a84f8d1cd886ea97c84703eaa6d88e37a2ad28"},
    {file = "PyYAML-6.0.1-cp312-cp312-macosx_11_0_arm64.whl", hash = "sha256:40df9b996c2b73138957fe23a16a4f0ba614f4c0efce1e9406a184b6d07fa3a9"},
    {file = "PyYAML-6.0.1-cp312-cp312-manylinux_2_17_x86_64.manylinux2014_x86_64.whl", hash = "sha256:6c22bec3fbe2524cde73d7ada88f6566758a8f7227bfbf93a408a9d86bcc12a0"},
    {file = "PyYAML-6.0.1-cp312-cp312-musllinux_1_1_x86_64.whl", hash = "sha256:8d4e9c88387b0f5c7d5f281e55304de64cf7f9c0021a3525bd3b1c542da3b0e4"},
    {file = "PyYAML-6.0.1-cp312-cp312-win32.whl", hash = "sha256:d483d2cdf104e7c9fa60c544d92981f12ad66a457afae824d146093b8c294c54"},
    {file = "PyYAML-6.0.1-cp312-cp312-win_amd64.whl", hash = "sha256:0d3304d8c0adc42be59c5f8a4d9e3d7379e6955ad754aa9d6ab7a398b59dd1df"},
    {file = "PyYAML-6.0.1.tar.gz", hash = "sha256:bfdf460b1736c775f2ba9f6a92bca30bc2095067b8a9d77876d1fad6cc3b4a43"},
]

[[package]]
name = "ruff"
version = "0.1.3"
requires_python = ">=3.7"
summary = "An extremely fast Python linter, written in Rust."
files = [
    {file = "ruff-0.1.3-py3-none-macosx_10_7_x86_64.whl", hash = "sha256:b46d43d51f7061652eeadb426a9e3caa1e0002470229ab2fc19de8a7b0766901"},
    {file = "ruff-0.1.3-py3-none-macosx_10_9_x86_64.macosx_11_0_arm64.macosx_10_9_universal2.whl", hash = "sha256:b8afeb9abd26b4029c72adc9921b8363374f4e7edb78385ffaa80278313a15f9"},
    {file = "ruff-0.1.3-py3-none-manylinux_2_17_aarch64.manylinux2014_aarch64.whl", hash = "sha256:ca3cf365bf32e9ba7e6db3f48a4d3e2c446cd19ebee04f05338bc3910114528b"},
    {file = "ruff-0.1.3-py3-none-manylinux_2_17_armv7l.manylinux2014_armv7l.whl", hash = "sha256:4874c165f96c14a00590dcc727a04dca0cfd110334c24b039458c06cf78a672e"},
    {file = "ruff-0.1.3-py3-none-manylinux_2_17_i686.manylinux2014_i686.whl", hash = "sha256:eec2dd31eed114e48ea42dbffc443e9b7221976554a504767ceaee3dd38edeb8"},
    {file = "ruff-0.1.3-py3-none-manylinux_2_17_ppc64.manylinux2014_ppc64.whl", hash = "sha256:dc3ec4edb3b73f21b4aa51337e16674c752f1d76a4a543af56d7d04e97769613"},
    {file = "ruff-0.1.3-py3-none-manylinux_2_17_ppc64le.manylinux2014_ppc64le.whl", hash = "sha256:2e3de9ed2e39160800281848ff4670e1698037ca039bda7b9274f849258d26ce"},
    {file = "ruff-0.1.3-py3-none-manylinux_2_17_s390x.manylinux2014_s390x.whl", hash = "sha256:1c595193881922cc0556a90f3af99b1c5681f0c552e7a2a189956141d8666fe8"},
    {file = "ruff-0.1.3-py3-none-manylinux_2_17_x86_64.manylinux2014_x86_64.whl", hash = "sha256:0f75e670d529aa2288cd00fc0e9b9287603d95e1536d7a7e0cafe00f75e0dd9d"},
    {file = "ruff-0.1.3-py3-none-musllinux_1_2_aarch64.whl", hash = "sha256:76dd49f6cd945d82d9d4a9a6622c54a994689d8d7b22fa1322983389b4892e20"},
    {file = "ruff-0.1.3-py3-none-musllinux_1_2_armv7l.whl", hash = "sha256:918b454bc4f8874a616f0d725590277c42949431ceb303950e87fef7a7d94cb3"},
    {file = "ruff-0.1.3-py3-none-musllinux_1_2_i686.whl", hash = "sha256:d8859605e729cd5e53aa38275568dbbdb4fe882d2ea2714c5453b678dca83784"},
    {file = "ruff-0.1.3-py3-none-musllinux_1_2_x86_64.whl", hash = "sha256:0b6c55f5ef8d9dd05b230bb6ab80bc4381ecb60ae56db0330f660ea240cb0d4a"},
    {file = "ruff-0.1.3-py3-none-win32.whl", hash = "sha256:3e7afcbdcfbe3399c34e0f6370c30f6e529193c731b885316c5a09c9e4317eef"},
    {file = "ruff-0.1.3-py3-none-win_amd64.whl", hash = "sha256:7a18df6638cec4a5bd75350639b2bb2a2366e01222825562c7346674bdceb7ea"},
    {file = "ruff-0.1.3-py3-none-win_arm64.whl", hash = "sha256:12fd53696c83a194a2db7f9a46337ce06445fb9aa7d25ea6f293cf75b21aca9f"},
    {file = "ruff-0.1.3.tar.gz", hash = "sha256:3ba6145369a151401d5db79f0a47d50e470384d0d89d0d6f7fab0b589ad07c34"},
]

[[package]]
name = "setuptools"
version = "68.2.2"
requires_python = ">=3.8"
summary = "Easily download, build, install, upgrade, and uninstall Python packages"
files = [
    {file = "setuptools-68.2.2-py3-none-any.whl", hash = "sha256:b454a35605876da60632df1a60f736524eb73cc47bbc9f3f1ef1b644de74fd2a"},
    {file = "setuptools-68.2.2.tar.gz", hash = "sha256:4ac1475276d2f1c48684874089fefcd83bd7162ddaafb81fac866ba0db282a87"},
]

[[package]]
name = "shellcheck-py"
version = "0.9.0.6"
requires_python = ">=3.8"
summary = "Python wrapper around invoking shellcheck (https://www.shellcheck.net/)"
files = [
    {file = "shellcheck_py-0.9.0.6-py2.py3-none-macosx_11_0_x86_64.whl", hash = "sha256:38d48a4e2279f5deac374574e7625cd53b7f615301f36b1b1fffd22105dc066d"},
    {file = "shellcheck_py-0.9.0.6-py2.py3-none-manylinux_2_5_x86_64.manylinux1_x86_64.manylinux_2_17_x86_64.manylinux2014_x86_64.whl", hash = "sha256:730235c4f92657884f8b343d5426e4dc28e9a6ba9ad54d469cd038e340ea5be0"},
    {file = "shellcheck_py-0.9.0.6-py2.py3-none-win_amd64.whl", hash = "sha256:d1d0c285e2c094813659e0920559a2892da598c1176da59cb4eb9e2f505e5ee8"},
    {file = "shellcheck_py-0.9.0.6.tar.gz", hash = "sha256:f83a0ee1e9762f787ab52e8a906e553b9583586c44e3f9730b6e635f296a69e8"},
]

[[package]]
name = "sniffio"
version = "1.3.0"
requires_python = ">=3.7"
summary = "Sniff out which async library your code is running under"
files = [
    {file = "sniffio-1.3.0-py3-none-any.whl", hash = "sha256:eecefdce1e5bbfb7ad2eeaabf7c1eeb404d7757c379bd1f7e5cce9d8bf425384"},
    {file = "sniffio-1.3.0.tar.gz", hash = "sha256:e60305c5e5d314f5389259b7f22aaa33d8f7dee49763119234af3755c55b9101"},
]

[[package]]
name = "sourcery"
version = "1.12.0"
summary = "Magically refactor Python"
files = [
    {file = "sourcery-1.12.0-py2.py3-none-macosx_10_9_universal2.whl", hash = "sha256:2cd894548564a3ec2723fb6cc681f29c497c213cba6dcf20bdd9bd54105868df"},
    {file = "sourcery-1.12.0-py2.py3-none-manylinux1_x86_64.whl", hash = "sha256:819686fffdc102d0b5522f9eacda698374f66b6bf21f7422ff74148601e0b7bf"},
    {file = "sourcery-1.12.0-py2.py3-none-win_amd64.whl", hash = "sha256:b3cea663a84b2c3007a05d72a2d13ff5d813cc695a5515c58dd16b6849ce9488"},
]

[[package]]
name = "typing-extensions"
version = "4.8.0"
requires_python = ">=3.8"
summary = "Backported and Experimental Type Hints for Python 3.8+"
files = [
    {file = "typing_extensions-4.8.0-py3-none-any.whl", hash = "sha256:8f92fc8806f9a6b641eaa5318da32b44d401efaac0f6678c9bc448ba3605faa0"},
    {file = "typing_extensions-4.8.0.tar.gz", hash = "sha256:df8e4339e9cb77357558cbdbceca33c303714cf861d1eef15e1070055ae8b7ef"},
]

[[package]]
name = "uvicorn"
version = "0.23.2"
requires_python = ">=3.8"
summary = "The lightning-fast ASGI server."
dependencies = [
    "click>=7.0",
    "h11>=0.8",
]
files = [
    {file = "uvicorn-0.23.2-py3-none-any.whl", hash = "sha256:1f9be6558f01239d4fdf22ef8126c39cb1ad0addf76c40e760549d2c2f43ab53"},
    {file = "uvicorn-0.23.2.tar.gz", hash = "sha256:4d3cc12d7727ba72b64d12d3cc7743124074c0a69f7b201512fc50c3e3f1569a"},
]

[[package]]
name = "virtualenv"
version = "20.24.6"
requires_python = ">=3.7"
summary = "Virtual Python Environment builder"
dependencies = [
    "distlib<1,>=0.3.7",
    "filelock<4,>=3.12.2",
    "platformdirs<4,>=3.9.1",
]
files = [
    {file = "virtualenv-20.24.6-py3-none-any.whl", hash = "sha256:520d056652454c5098a00c0f073611ccbea4c79089331f60bf9d7ba247bb7381"},
    {file = "virtualenv-20.24.6.tar.gz", hash = "sha256:02ece4f56fbf939dbbc33c0715159951d6bf14aaf5457b092e4548e1382455af"},
]
